
Microsoft Visual Studio Solution File, Format Version 12.00
# Visual Studio 15
VisualStudioVersion = 15.0.28307.902
MinimumVisualStudioVersion = 10.0.40219.1
Project("{FAE04EC0-301F-11D3-BF4B-00C04F79EFBC}") = "CRUDSQLServer", "CRUDSQLServer\CRUDSQLServer.csproj", "{C47ACB7E-6909-469E-8C66-7FE9CD004181}"
EndProject
Global
	GlobalSection(SolutionConfigurationPlatforms) = preSolution
		Debug|Any CPU = Debug|Any CPU
		Release|Any CPU = Release|Any CPU
	EndGlobalSection
	GlobalSection(ProjectConfigurationPlatforms) = postSolution
		{C47ACB7E-6909-469E-8C66-7FE9CD004181}.Debug|Any CPU.ActiveCfg = Debug|Any CPU
		{C47ACB7E-6909-469E-8C66-7FE9CD004181}.Debug|Any CPU.Build.0 = Debug|Any CPU
		{C47ACB7E-6909-469E-8C66-7FE9CD004181}.Release|Any CPU.ActiveCfg = Release|Any CPU
		{C47ACB7E-6909-469E-8C66-7FE9CD004181}.Release|Any CPU.Build.0 = Release|Any CPU
	EndGlobalSection
	GlobalSection(SolutionProperties) = preSolution
		HideSolutionNode = FALSE
	EndGlobalSection
	GlobalSection(ExtensibilityGlobals) = postSolution
		SolutionGuid = {E04AEF37-4D49-40CD-BA4D-B5058BEDE94A}
	EndGlobalSection
EndGlobal
